
Microsoft Visual Studio Solution File, Format Version 12.00
# Visual Studio Version 16
VisualStudioVersion = 16.0.31005.135
MinimumVisualStudioVersion = 10.0.40219.1
Project("{FAE04EC0-301F-11D3-BF4B-00C04F79EFBC}") = "FindLargestNumber", "FindLargestNumber\FindLargestNumber.csproj", "{EBDD9364-54F9-41EC-9E6B-6E04610D59B4}"
EndProject
Global
	GlobalSection(SolutionConfigurationPlatforms) = preSolution
		Debug|Any CPU = Debug|Any CPU
		Release|Any CPU = Release|Any CPU
	EndGlobalSection
	GlobalSection(ProjectConfigurationPlatforms) = postSolution
		{EBDD9364-54F9-41EC-9E6B-6E04610D59B4}.Debug|Any CPU.ActiveCfg = Debug|Any CPU
		{EBDD9364-54F9-41EC-9E6B-6E04610D59B4}.Debug|Any CPU.Build.0 = Debug|Any CPU
		{EBDD9364-54F9-41EC-9E6B-6E04610D59B4}.Release|Any CPU.ActiveCfg = Release|Any CPU
		{EBDD9364-54F9-41EC-9E6B-6E04610D59B4}.Release|Any CPU.Build.0 = Release|Any CPU
	EndGlobalSection
	GlobalSection(SolutionProperties) = preSolution
		HideSolutionNode = FALSE
	EndGlobalSection
	GlobalSection(ExtensibilityGlobals) = postSolution
		SolutionGuid = {2E969599-5F38-46C5-B226-21279BCE52F9}
	EndGlobalSection
EndGlobal
